
Microsoft Visual Studio Solution File, Format Version 12.00
# Visual Studio Version 17
VisualStudioVersion = 17.5.33502.453
MinimumVisualStudioVersion = 10.0.40219.1
Project("{FAE04EC0-301F-11D3-BF4B-00C04F79EFBC}") = "EmployeeManagement", "EmployeeManagement\EmployeeManagement.csproj", "{079FC1A8-BF05-4105-B136-3523A10F9C86}"
EndProject
Global
	GlobalSection(SolutionConfigurationPlatforms) = preSolution
		Debug|Any CPU = Debug|Any CPU
		Release|Any CPU = Release|Any CPU
	EndGlobalSection
	GlobalSection(ProjectConfigurationPlatforms) = postSolution
		{079FC1A8-BF05-4105-B136-3523A10F9C86}.Debug|Any CPU.ActiveCfg = Debug|Any CPU
		{079FC1A8-BF05-4105-B136-3523A10F9C86}.Debug|Any CPU.Build.0 = Debug|Any CPU
		{079FC1A8-BF05-4105-B136-3523A10F9C86}.Release|Any CPU.ActiveCfg = Release|Any CPU
		{079FC1A8-BF05-4105-B136-3523A10F9C86}.Release|Any CPU.Build.0 = Release|Any CPU
	EndGlobalSection
	GlobalSection(SolutionProperties) = preSolution
		HideSolutionNode = FALSE
	EndGlobalSection
	GlobalSection(ExtensibilityGlobals) = postSolution
		SolutionGuid = {771B088F-1EA0-4B8C-991B-14CFE88E4953}
	EndGlobalSection
EndGlobal
